
Microsoft Visual Studio Solution File, Format Version 12.00
# Visual Studio Version 17
VisualStudioVersion = 17.0.32112.339
MinimumVisualStudioVersion = 10.0.40219.1
Project("{FAE04EC0-301F-11D3-BF4B-00C04F79EFBC}") = "EmployeeWageUC-6", "EmployeeWageUC-6.csproj", "{EA2E410F-A3F1-40B1-A5F7-9E9337ABA04D}"
EndProject
Global
	GlobalSection(SolutionConfigurationPlatforms) = preSolution
		Debug|Any CPU = Debug|Any CPU
		Release|Any CPU = Release|Any CPU
	EndGlobalSection
	GlobalSection(ProjectConfigurationPlatforms) = postSolution
		{EA2E410F-A3F1-40B1-A5F7-9E9337ABA04D}.Debug|Any CPU.ActiveCfg = Debug|Any CPU
		{EA2E410F-A3F1-40B1-A5F7-9E9337ABA04D}.Debug|Any CPU.Build.0 = Debug|Any CPU
		{EA2E410F-A3F1-40B1-A5F7-9E9337ABA04D}.Release|Any CPU.ActiveCfg = Release|Any CPU
		{EA2E410F-A3F1-40B1-A5F7-9E9337ABA04D}.Release|Any CPU.Build.0 = Release|Any CPU
	EndGlobalSection
	GlobalSection(SolutionProperties) = preSolution
		HideSolutionNode = FALSE
	EndGlobalSection
	GlobalSection(ExtensibilityGlobals) = postSolution
		SolutionGuid = {C056478C-77B7-4B56-BDED-4C8DC7BD2542}
	EndGlobalSection
EndGlobal
