
Microsoft Visual Studio Solution File, Format Version 12.00
# Visual Studio Version 17
VisualStudioVersion = 17.0.32112.339
MinimumVisualStudioVersion = 10.0.40219.1
Project("{FAE04EC0-301F-11D3-BF4B-00C04F79EFBC}") = "LineComparisonUC-2", "LineComparisonUC-2.csproj", "{6E4BA479-3ACC-40E8-B08E-6CB7607B17E8}"
EndProject
Global
	GlobalSection(SolutionConfigurationPlatforms) = preSolution
		Debug|Any CPU = Debug|Any CPU
		Release|Any CPU = Release|Any CPU
	EndGlobalSection
	GlobalSection(ProjectConfigurationPlatforms) = postSolution
		{6E4BA479-3ACC-40E8-B08E-6CB7607B17E8}.Debug|Any CPU.ActiveCfg = Debug|Any CPU
		{6E4BA479-3ACC-40E8-B08E-6CB7607B17E8}.Debug|Any CPU.Build.0 = Debug|Any CPU
		{6E4BA479-3ACC-40E8-B08E-6CB7607B17E8}.Release|Any CPU.ActiveCfg = Release|Any CPU
		{6E4BA479-3ACC-40E8-B08E-6CB7607B17E8}.Release|Any CPU.Build.0 = Release|Any CPU
	EndGlobalSection
	GlobalSection(SolutionProperties) = preSolution
		HideSolutionNode = FALSE
	EndGlobalSection
	GlobalSection(ExtensibilityGlobals) = postSolution
		SolutionGuid = {C737C345-B2C7-4D57-9ED5-F9A35A9DB33D}
	EndGlobalSection
EndGlobal
